// !$*UTF8*$!
{
	archiveVersion = 1;
	classes = {
	};
	objectVersion = 50;
	objects = {

/* Begin PBXBuildFile section */
		17A015A423EAD2EE001F2687 /* AppDelegate.swift in Sources */ = {isa = PBXBuildFile; fileRef = 17A015A323EAD2EE001F2687 /* AppDelegate.swift */; };
		17A015A623EAD2EE001F2687 /* SceneDelegate.swift in Sources */ = {isa = PBXBuildFile; fileRef = 17A015A523EAD2EE001F2687 /* SceneDelegate.swift */; };
		17A015A823EAD2EE001F2687 /* ViewController.swift in Sources */ = {isa = PBXBuildFile; fileRef = 17A015A723EAD2EE001F2687 /* ViewController.swift */; };
		17A015AB23EAD2EE001F2687 /* Main.storyboard in Resources */ = {isa = PBXBuildFile; fileRef = 17A015A923EAD2EE001F2687 /* Main.storyboard */; };
		17A015AE23EAD2EE001F2687 /* paymentGateWayProject.xcdatamodeld in Sources */ = {isa = PBXBuildFile; fileRef = 17A015AC23EAD2EE001F2687 /* paymentGateWayProject.xcdatamodeld */; };
		17A015B023EAD2FE001F2687 /* Assets.xcassets in Resources */ = {isa = PBXBuildFile; fileRef = 17A015AF23EAD2FE001F2687 /* Assets.xcassets */; };
		17A015B323EAD2FE001F2687 /* LaunchScreen.storyboard in Resources */ = {isa = PBXBuildFile; fileRef = 17A015B123EAD2FE001F2687 /* LaunchScreen.storyboard */; };
		E9BE1448170FBD3045C6C40F /* Pods_paymentGateWayProject.framework in Frameworks */ = {isa = PBXBuildFile; fileRef = C6A7B1EA5377B0C8675A2B22 /* Pods_paymentGateWayProject.framework */; };
/* End PBXBuildFile section */

/* Begin PBXFileReference section */
		17A015A023EAD2EE001F2687 /* paymentGateWayProject.app */ = {isa = PBXFileReference; explicitFileType = wrapper.application; includeInIndex = 0; path = paymentGateWayProject.app; sourceTree = BUILT_PRODUCTS_DIR; };
		17A015A323EAD2EE001F2687 /* AppDelegate.swift */ = {isa = PBXFileReference; lastKnownFileType = sourcecode.swift; path = AppDelegate.swift; sourceTree = "<group>"; };
		17A015A523EAD2EE001F2687 /* SceneDelegate.swift */ = {isa = PBXFileReference; lastKnownFileType = sourcecode.swift; path = SceneDelegate.swift; sourceTree = "<group>"; };
		17A015A723EAD2EE001F2687 /* ViewController.swift */ = {isa = PBXFileReference; lastKnownFileType = sourcecode.swift; path = ViewController.swift; sourceTree = "<group>"; };
		17A015AA23EAD2EE001F2687 /* Base */ = {isa = PBXFileReference; lastKnownFileType = file.storyboard; name = Base; path = Base.lproj/Main.storyboard; sourceTree = "<group>"; };
		17A015AD23EAD2EE001F2687 /* paymentGateWayProject.xcdatamodel */ = {isa = PBXFileReference; lastKnownFileType = wrapper.xcdatamodel; path = paymentGateWayProject.xcdatamodel; sourceTree = "<group>"; };
		17A015AF23EAD2FE001F2687 /* Assets.xcassets */ = {isa = PBXFileReference; lastKnownFileType = folder.assetcatalog; path = Assets.xcassets; sourceTree = "<group>"; };
		17A015B223EAD2FE001F2687 /* Base */ = {isa = PBXFileReference; lastKnownFileType = file.storyboard; name = Base; path = Base.lproj/LaunchScreen.storyboard; sourceTree = "<group>"; };
		17A015B423EAD2FE001F2687 /* Info.plist */ = {isa = PBXFileReference; lastKnownFileType = text.plist.xml; path = Info.plist; sourceTree = "<group>"; };
		35B6809C81C0FECA2334D5AD /* Pods-paymentGateWayProject.debug.xcconfig */ = {isa = PBXFileReference; includeInIndex = 1; lastKnownFileType = text.xcconfig; name = "Pods-paymentGateWayProject.debug.xcconfig"; path = "Target Support Files/Pods-paymentGateWayProject/Pods-paymentGateWayProject.debug.xcconfig"; sourceTree = "<group>"; };
		C036CB8E9E4C550721E0FD1E /* Pods-paymentGateWayProject.release.xcconfig */ = {isa = PBXFileReference; includeInIndex = 1; lastKnownFileType = text.xcconfig; name = "Pods-paymentGateWayProject.release.xcconfig"; path = "Target Support Files/Pods-paymentGateWayProject/Pods-paymentGateWayProject.release.xcconfig"; sourceTree = "<group>"; };
		C6A7B1EA5377B0C8675A2B22 /* Pods_paymentGateWayProject.framework */ = {isa = PBXFileReference; explicitFileType = wrapper.framework; includeInIndex = 0; path = Pods_paymentGateWayProject.framework; sourceTree = BUILT_PRODUCTS_DIR; };
/* End PBXFileReference section */

/* Begin PBXFrameworksBuildPhase section */
		17A0159D23EAD2EE001F2687 /* Frameworks */ = {
			isa = PBXFrameworksBuildPhase;
			buildActionMask = 2147483647;
			files = (
				E9BE1448170FBD3045C6C40F /* Pods_paymentGateWayProject.framework in Frameworks */,
			);
			runOnlyForDeploymentPostprocessing = 0;
		};
/* End PBXFrameworksBuildPhase section */

/* Begin PBXGroup section */
		17A0159723EAD2EE001F2687 = {
			isa = PBXGroup;
			children = (
				17A015A223EAD2EE001F2687 /* paymentGateWayProject */,
				17A015A123EAD2EE001F2687 /* Products */,
				229CE66E254757CE925C02AD /* Pods */,
				540571C4D205EBF9B77A7BEF /* Frameworks */,
			);
			sourceTree = "<group>";
		};
		17A015A123EAD2EE001F2687 /* Products */ = {
			isa = PBXGroup;
			children = (
				17A015A023EAD2EE001F2687 /* paymentGateWayProject.app */,
			);
			name = Products;
			sourceTree = "<group>";
		};
		17A015A223EAD2EE001F2687 /* paymentGateWayProject */ = {
			isa = PBXGroup;
			children = (
				17A015A323EAD2EE001F2687 /* AppDelegate.swift */,
				17A015A523EAD2EE001F2687 /* SceneDelegate.swift */,
				17A015A723EAD2EE001F2687 /* ViewController.swift */,
				17A015A923EAD2EE001F2687 /* Main.storyboard */,
				17A015AF23EAD2FE001F2687 /* Assets.xcassets */,
				17A015B123EAD2FE001F2687 /* LaunchScreen.storyboard */,
				17A015B423EAD2FE001F2687 /* Info.plist */,
				17A015AC23EAD2EE001F2687 /* paymentGateWayProject.xcdatamodeld */,
			);
			path = paymentGateWayProject;
			sourceTree = "<group>";
		};
		229CE66E254757CE925C02AD /* Pods */ = {
			isa = PBXGroup;
			children = (
				35B6809C81C0FECA2334D5AD /* Pods-paymentGateWayProject.debug.xcconfig */,
				C036CB8E9E4C550721E0FD1E /* Pods-paymentGateWayProject.release.xcconfig */,
			);
			name = Pods;
			path = Pods;
			sourceTree = "<group>";
		};
		540571C4D205EBF9B77A7BEF /* Frameworks */ = {
			isa = PBXGroup;
			children = (
				C6A7B1EA5377B0C8675A2B22 /* Pods_paymentGateWayProject.framework */,
			);
			name = Frameworks;
			sourceTree = "<group>";
		};
/* End PBXGroup section */

/* Begin PBXNativeTarget section */
		17A0159F23EAD2EE001F2687 /* paymentGateWayProject */ = {
			isa = PBXNativeTarget;
			buildConfigurationList = 17A015B723EAD2FE001F2687 /* Build configuration list for PBXNativeTarget "paymentGateWayProject" */;
			buildPhases = (
				ECAC8CDF1FC7E07174EAAC70 /* [CP] Check Pods Manifest.lock */,
				17A0159C23EAD2EE001F2687 /* Sources */,
				17A0159D23EAD2EE001F2687 /* Frameworks */,
				17A0159E23EAD2EE001F2687 /* Resources */,
				AC9E4E4E9C654FAA2242788A /* [CP] Embed Pods Frameworks */,
			);
			buildRules = (
			);
			dependencies = (
			);
			name = paymentGateWayProject;
			productName = paymentGateWayProject;
			productReference = 17A015A023EAD2EE001F2687 /* paymentGateWayProject.app */;
			productType = "com.apple.product-type.application";
		};
/* End PBXNativeTarget section */

/* Begin PBXProject section */
		17A0159823EAD2EE001F2687 /* Project object */ = {
			isa = PBXProject;
			attributes = {
				LastSwiftUpdateCheck = 1110;
				LastUpgradeCheck = 1110;
				ORGANIZATIONNAME = "THOTA NAGARAJU";
				TargetAttributes = {
					17A0159F23EAD2EE001F2687 = {
						CreatedOnToolsVersion = 11.1;
					};
				};
			};
			buildConfigurationList = 17A0159B23EAD2EE001F2687 /* Build configuration list for PBXProject "paymentGateWayProject" */;
			compatibilityVersion = "Xcode 9.3";
			developmentRegion = en;
			hasScannedForEncodings = 0;
			knownRegions = (
				en,
				Base,
			);
			mainGroup = 17A0159723EAD2EE001F2687;
			productRefGroup = 17A015A123EAD2EE001F2687 /* Products */;
			projectDirPath = "";
			projectRoot = "";
			targets = (
				17A0159F23EAD2EE001F2687 /* paymentGateWayProject */,
			);
		};
/* End PBXProject section */

/* Begin PBXResourcesBuildPhase section */
		17A0159E23EAD2EE001F2687 /* Resources */ = {
			isa = PBXResourcesBuildPhase;
			buildActionMask = 2147483647;
			files = (
				17A015B323EAD2FE001F2687 /* LaunchScreen.storyboard in Resources */,
				17A015B023EAD2FE001F2687 /* Assets.xcassets in Resources */,
				17A015AB23EAD2EE001F2687 /* Main.storyboard in Resources */,
			);
			runOnlyForDeploymentPostprocessing = 0;
		};
/* End PBXResourcesBuildPhase section */

/* Begin PBXShellScriptBuildPhase section */
		AC9E4E4E9C654FAA2242788A /* [CP] Embed Pods Frameworks */ = {
			isa = PBXShellScriptBuildPhase;
			buildActionMask = 2147483647;
			files = (
			);
			inputFileListPaths = (
				"${PODS_ROOT}/Target Support Files/Pods-paymentGateWayProject/Pods-paymentGateWayProject-frameworks-${CONFIGURATION}-input-files.xcfilelist",
			);
			name = "[CP] Embed Pods Frameworks";
			outputFileListPaths = (
				"${PODS_ROOT}/Target Support Files/Pods-paymentGateWayProject/Pods-paymentGateWayProject-frameworks-${CONFIGURATION}-output-files.xcfilelist",
			);
			runOnlyForDeploymentPostprocessing = 0;
			shellPath = /bin/sh;
			shellScript = "\"${PODS_ROOT}/Target Support Files/Pods-paymentGateWayProject/Pods-paymentGateWayProject-frameworks.sh\"\n";
			showEnvVarsInLog = 0;
		};
		ECAC8CDF1FC7E07174EAAC70 /* [CP] Check Pods Manifest.lock */ = {
			isa = PBXShellScriptBuildPhase;
			buildActionMask = 2147483647;
			files = (
			);
			inputFileListPaths = (
			);
			inputPaths = (
				"${PODS_PODFILE_DIR_PATH}/Podfile.lock",
				"${PODS_ROOT}/Manifest.lock",
			);
			name = "[CP] Check Pods Manifest.lock";
			outputFileListPaths = (
			);
			outputPaths = (
				"$(DERIVED_FILE_DIR)/Pods-paymentGateWayProject-checkManifestLockResult.txt",
			);
			runOnlyForDeploymentPostprocessing = 0;
			shellPath = /bin/sh;
			shellScript = "diff \"${PODS_PODFILE_DIR_PATH}/Podfile.lock\" \"${PODS_ROOT}/Manifest.lock\" > /dev/null\nif [ $? != 0 ] ; then\n    # print error to STDERR\n    echo \"error: The sandbox is not in sync with the Podfile.lock. Run 'pod install' or update your CocoaPods installation.\" >&2\n    exit 1\nfi\n# This output is used by Xcode 'outputs' to avoid re-running this script phase.\necho \"SUCCESS\" > \"${SCRIPT_OUTPUT_FILE_0}\"\n";
			showEnvVarsInLog = 0;
		};
/* End PBXShellScriptBuildPhase section */

/* Begin PBXSourcesBuildPhase section */
		17A0159C23EAD2EE001F2687 /* Sources */ = {
			isa = PBXSourcesBuildPhase;
			buildActionMask = 2147483647;
			files = (
				17A015A823EAD2EE001F2687 /* ViewController.swift in Sources */,
				17A015AE23EAD2EE001F2687 /* paymentGateWayProject.xcdatamodeld in Sources */,
				17A015A423EAD2EE001F2687 /* AppDelegate.swift in Sources */,
				17A015A623EAD2EE001F2687 /* SceneDelegate.swift in Sources */,
			);
			runOnlyForDeploymentPostprocessing = 0;
		};
/* End PBXSourcesBuildPhase section */

/* Begin PBXVariantGroup section */
		17A015A923EAD2EE001F2687 /* Main.storyboard */ = {
			isa = PBXVariantGroup;
			children = (
				17A015AA23EAD2EE001F2687 /* Base */,
			);
			name = Main.storyboard;
			sourceTree = "<group>";
		};
		17A015B123EAD2FE001F2687 /* LaunchScreen.storyboard */ = {
			isa = PBXVariantGroup;
			children = (
				17A015B223EAD2FE001F2687 /* Base */,
			);
			name = LaunchScreen.storyboard;
			sourceTree = "<group>";
		};
/* End PBXVariantGroup section */

/* Begin XCBuildConfiguration section */
		17A015B523EAD2FE001F2687 /* Debug */ = {
			isa = XCBuildConfiguration;
			buildSettings = {
				ALWAYS_SEARCH_USER_PATHS = NO;
				CLANG_ANALYZER_NONNULL = YES;
				CLANG_ANALYZER_NUMBER_OBJECT_CONVERSION = YES_AGGRESSIVE;
				CLANG_CXX_LANGUAGE_STANDARD = "gnu++14";
				CLANG_CXX_LIBRARY = "libc++";
				CLANG_ENABLE_MODULES = YES;
				CLANG_ENABLE_OBJC_ARC = YES;
				CLANG_ENABLE_OBJC_WEAK = YES;
				CLANG_WARN_BLOCK_CAPTURE_AUTORELEASING = YES;
				CLANG_WARN_BOOL_CONVERSION = YES;
				CLANG_WARN_COMMA = YES;
				CLANG_WARN_CONSTANT_CONVERSION = YES;
				CLANG_WARN_DEPRECATED_OBJC_IMPLEMENTATIONS = YES;
				CLANG_WARN_DIRECT_OBJC_ISA_USAGE = YES_ERROR;
				CLANG_WARN_DOCUMENTATION_COMMENTS = YES;
				CLANG_WARN_EMPTY_BODY = YES;
				CLANG_WARN_ENUM_CONVERSION = YES;
				CLANG_WARN_INFINITE_RECURSION = YES;
				CLANG_WARN_INT_CONVERSION = YES;
				CLANG_WARN_NON_LITERAL_NULL_CONVERSION = YES;
				CLANG_WARN_OBJC_IMPLICIT_RETAIN_SELF = YES;
				CLANG_WARN_OBJC_LITERAL_CONVERSION = YES;
				CLANG_WARN_OBJC_ROOT_CLASS = YES_ERROR;
				CLANG_WARN_RANGE_LOOP_ANALYSIS = YES;
				CLANG_WARN_STRICT_PROTOTYPES = YES;
				CLANG_WARN_SUSPICIOUS_MOVE = YES;
				CLANG_WARN_UNGUARDED_AVAILABILITY = YES_AGGRESSIVE;
				CLANG_WARN_UNREACHABLE_CODE = YES;
				CLANG_WARN__DUPLICATE_METHOD_MATCH = YES;
				COPY_PHASE_STRIP = NO;
				DEBUG_INFORMATION_FORMAT = dwarf;
				ENABLE_STRICT_OBJC_MSGSEND = YES;
				ENABLE_TESTABILITY = YES;
				GCC_C_LANGUAGE_STANDARD = gnu11;
				GCC_DYNAMIC_NO_PIC = NO;
				GCC_NO_COMMON_BLOCKS = YES;
				GCC_OPTIMIZATION_LEVEL = 0;
				GCC_PREPROCESSOR_DEFINITIONS = (
					"DEBUG=1",
					"$(inherited)",
				);
				GCC_WARN_64_TO_32_BIT_CONVERSION = YES;
				GCC_WARN_ABOUT_RETURN_TYPE = YES_ERROR;
				GCC_WARN_UNDECLARED_SELECTOR = YES;
				GCC_WARN_UNINITIALIZED_AUTOS = YES_AGGRESSIVE;
				GCC_WARN_UNUSED_FUNCTION = YES;
				GCC_WARN_UNUSED_VARIABLE = YES;
				IPHONEOS_DEPLOYMENT_TARGET = 13.1;
				MTL_ENABLE_DEBUG_INFO = INCLUDE_SOURCE;
				MTL_FAST_MATH = YES;
				ONLY_ACTIVE_ARCH = YES;
				SDKROOT = iphoneos;
				SWIFT_ACTIVE_COMPILATION_CONDITIONS = DEBUG;
				SWIFT_OPTIMIZATION_LEVEL = "-Onone";
			};
			name = Debug;
		};
		17A015B623EAD2FE001F2687 /* Release */ = {
			isa = XCBuildConfiguration;
			buildSettings = {
				ALWAYS_SEARCH_USER_PATHS = NO;
				CLANG_ANALYZER_NONNULL = YES;
				CLANG_ANALYZER_NUMBER_OBJECT_CONVERSION = YES_AGGRESSIVE;
				CLANG_CXX_LANGUAGE_STANDARD = "gnu++14";
				CLANG_CXX_LIBRARY = "libc++";
				CLANG_ENABLE_MODULES = YES;
				CLANG_ENABLE_OBJC_ARC = YES;
				CLANG_ENABLE_OBJC_WEAK = YES;
				CLANG_WARN_BLOCK_CAPTURE_AUTORELEASING = YES;
				CLANG_WARN_BOOL_CONVERSION = YES;
				CLANG_WARN_COMMA = YES;
				CLANG_WARN_CONSTANT_CONVERSION = YES;
				CLANG_WARN_DEPRECATED_OBJC_IMPLEMENTATIONS = YES;
				CLANG_WARN_DIRECT_OBJC_ISA_USAGE = YES_ERROR;
				CLANG_WARN_DOCUMENTATION_COMMENTS = YES;
				CLANG_WARN_EMPTY_BODY = YES;
				CLANG_WARN_ENUM_CONVERSION = YES;
				CLANG_WARN_INFINITE_RECURSION = YES;
				CLANG_WARN_INT_CONVERSION = YES;
				CLANG_WARN_NON_LITERAL_NULL_CONVERSION = YES;
				CLANG_WARN_OBJC_IMPLICIT_RETAIN_SELF = YES;
				CLANG_WARN_OBJC_LITERAL_CONVERSION = YES;
				CLANG_WARN_OBJC_ROOT_CLASS = YES_ERROR;
				CLANG_WARN_RANGE_LOOP_ANALYSIS = YES;
				CLANG_WARN_STRICT_PROTOTYPES = YES;
				CLANG_WARN_SUSPICIOUS_MOVE = YES;
				CLANG_WARN_UNGUARDED_AVAILABILITY = YES_AGGRESSIVE;
				CLANG_WARN_UNREACHABLE_CODE = YES;
				CLANG_WARN__DUPLICATE_METHOD_MATCH = YES;
				COPY_PHASE_STRIP = NO;
				DEBUG_INFORMATION_FORMAT = "dwarf-with-dsym";
				ENABLE_NS_ASSERTIONS = NO;
				ENABLE_STRICT_OBJC_MSGSEND = YES;
				GCC_C_LANGUAGE_STANDARD = gnu11;
				GCC_NO_COMMON_BLOCKS = YES;
				GCC_WARN_64_TO_32_BIT_CONVERSION = YES;
				GCC_WARN_ABOUT_RETURN_TYPE = YES_ERROR;
				GCC_WARN_UNDECLARED_SELECTOR = YES;
				GCC_WARN_UNINITIALIZED_AUTOS = YES_AGGRESSIVE;
				GCC_WARN_UNUSED_FUNCTION = YES;
				GCC_WARN_UNUSED_VARIABLE = YES;
				IPHONEOS_DEPLOYMENT_TARGET = 13.1;
				MTL_ENABLE_DEBUG_INFO = NO;
				MTL_FAST_MATH = YES;
				SDKROOT = iphoneos;
				SWIFT_COMPILATION_MODE = wholemodule;
				SWIFT_OPTIMIZATION_LEVEL = "-O";
				VALIDATE_PRODUCT = YES;
			};
			name = Release;
		};
		17A015B823EAD2FE001F2687 /* Debug */ = {
			isa = XCBuildConfiguration;
			baseConfigurationReference = 35B6809C81C0FECA2334D5AD /* Pods-paymentGateWayProject.debug.xcconfig */;
			buildSettings = {
				ASSETCATALOG_COMPILER_APPICON_NAME = AppIcon;
				CODE_SIGN_STYLE = Automatic;
				INFOPLIST_FILE = paymentGateWayProject/Info.plist;
				LD_RUNPATH_SEARCH_PATHS = (
					"$(inherited)",
					"@executable_path/Frameworks",
				);
				PRODUCT_BUNDLE_IDENTIFIER = nagathota.paymentGateWayProject;
				PRODUCT_NAME = "$(TARGET_NAME)";
				SWIFT_VERSION = 5.0;
				TARGETED_DEVICE_FAMILY = "1,2";
			};
			name = Debug;
		};
		17A015B923EAD2FE001F2687 /* Release */ = {
			isa = XCBuildConfiguration;
			baseConfigurationReference = C036CB8E9E4C550721E0FD1E /* Pods-paymentGateWayProject.release.xcconfig */;
			buildSettings = {
				ASSETCATALOG_COMPILER_APPICON_NAME = AppIcon;
				CODE_SIGN_STYLE = Automatic;
				INFOPLIST_FILE = paymentGateWayProject/Info.plist;
				LD_RUNPATH_SEARCH_PATHS = (
					"$(inherited)",
					"@executable_path/Frameworks",
				);
				PRODUCT_BUNDLE_IDENTIFIER = nagathota.paymentGateWayProject;
				PRODUCT_NAME = "$(TARGET_NAME)";
				SWIFT_VERSION = 5.0;
				TARGETED_DEVICE_FAMILY = "1,2";
			};
			name = Release;
		};
/* End XCBuildConfiguration section */

/* Begin XCConfigurationList section */
		17A0159B23EAD2EE001F2687 /* Build configuration list for PBXProject "paymentGateWayProject" */ = {
			isa = XCConfigurationList;
			buildConfigurations = (
				17A015B523EAD2FE001F2687 /* Debug */,
				17A015B623EAD2FE001F2687 /* Release */,
			);
			defaultConfigurationIsVisible = 0;
			defaultConfigurationName = Release;
		};
		17A015B723EAD2FE001F2687 /* Build configuration list for PBXNativeTarget "paymentGateWayProject" */ = {
			isa = XCConfigurationList;
			buildConfigurations = (
				17A015B823EAD2FE001F2687 /* Debug */,
				17A015B923EAD2FE001F2687 /* Release */,
			);
			defaultConfigurationIsVisible = 0;
			defaultConfigurationName = Release;
		};
/* End XCConfigurationList section */

/* Begin XCVersionGroup section */
		17A015AC23EAD2EE001F2687 /* paymentGateWayProject.xcdatamodeld */ = {
			isa = XCVersionGroup;
			children = (
				17A015AD23EAD2EE001F2687 /* paymentGateWayProject.xcdatamodel */,
			);
			currentVersion = 17A015AD23EAD2EE001F2687 /* paymentGateWayProject.xcdatamodel */;
			path = paymentGateWayProject.xcdatamodeld;
			sourceTree = "<group>";
			versionGroupType = wrapper.xcdatamodel;
		};
/* End XCVersionGroup section */
	};
	rootObject = 17A0159823EAD2EE001F2687 /* Project object */;
}
